
Microsoft Visual Studio Solution File, Format Version 12.00
# Visual Studio Version 17
VisualStudioVersion = 17.5.33516.290
MinimumVisualStudioVersion = 10.0.40219.1
Project("{FAE04EC0-301F-11D3-BF4B-00C04F79EFBC}") = "UI", "UI\UI.csproj", "{DCC0384B-D883-4C7D-968A-7C28072CB160}"
EndProject
Project("{FAE04EC0-301F-11D3-BF4B-00C04F79EFBC}") = "Database", "Database\Database.csproj", "{39B25FFB-06F1-4BC9-BBFE-5F863730BC93}"
EndProject
Project("{FAE04EC0-301F-11D3-BF4B-00C04F79EFBC}") = "Business", "Business\Business.csproj", "{CC66BCFB-FF2D-4FBE-AF8D-F539764D03F9}"
EndProject
Global
	GlobalSection(SolutionConfigurationPlatforms) = preSolution
		Debug|Any CPU = Debug|Any CPU
		Release|Any CPU = Release|Any CPU
	EndGlobalSection
	GlobalSection(ProjectConfigurationPlatforms) = postSolution
		{DCC0384B-D883-4C7D-968A-7C28072CB160}.Debug|Any CPU.ActiveCfg = Debug|Any CPU
		{DCC0384B-D883-4C7D-968A-7C28072CB160}.Debug|Any CPU.Build.0 = Debug|Any CPU
		{DCC0384B-D883-4C7D-968A-7C28072CB160}.Release|Any CPU.ActiveCfg = Release|Any CPU
		{DCC0384B-D883-4C7D-968A-7C28072CB160}.Release|Any CPU.Build.0 = Release|Any CPU
		{39B25FFB-06F1-4BC9-BBFE-5F863730BC93}.Debug|Any CPU.ActiveCfg = Debug|Any CPU
		{39B25FFB-06F1-4BC9-BBFE-5F863730BC93}.Debug|Any CPU.Build.0 = Debug|Any CPU
		{39B25FFB-06F1-4BC9-BBFE-5F863730BC93}.Release|Any CPU.ActiveCfg = Release|Any CPU
		{39B25FFB-06F1-4BC9-BBFE-5F863730BC93}.Release|Any CPU.Build.0 = Release|Any CPU
		{CC66BCFB-FF2D-4FBE-AF8D-F539764D03F9}.Debug|Any CPU.ActiveCfg = Debug|Any CPU
		{CC66BCFB-FF2D-4FBE-AF8D-F539764D03F9}.Debug|Any CPU.Build.0 = Debug|Any CPU
		{CC66BCFB-FF2D-4FBE-AF8D-F539764D03F9}.Release|Any CPU.ActiveCfg = Release|Any CPU
		{CC66BCFB-FF2D-4FBE-AF8D-F539764D03F9}.Release|Any CPU.Build.0 = Release|Any CPU
	EndGlobalSection
	GlobalSection(SolutionProperties) = preSolution
		HideSolutionNode = FALSE
	EndGlobalSection
	GlobalSection(ExtensibilityGlobals) = postSolution
		SolutionGuid = {B40DC184-B695-43F0-BCA3-FF90F211AEEA}
	EndGlobalSection
EndGlobal
